
Microsoft Visual Studio Solution File, Format Version 12.00
# Visual Studio Version 16
VisualStudioVersion = 16.0.29025.244
MinimumVisualStudioVersion = 10.0.40219.1
Project("{FAE04EC0-301F-11D3-BF4B-00C04F79EFBC}") = "UsAp2019", "UsAp2019\UsAp2019.csproj", "{89252DA9-E12C-4DEB-84ED-4BA8EBB80CB5}"
EndProject
Global
	GlobalSection(SolutionConfigurationPlatforms) = preSolution
		Debug|Any CPU = Debug|Any CPU
		Release|Any CPU = Release|Any CPU
	EndGlobalSection
	GlobalSection(ProjectConfigurationPlatforms) = postSolution
		{89252DA9-E12C-4DEB-84ED-4BA8EBB80CB5}.Debug|Any CPU.ActiveCfg = Debug|Any CPU
		{89252DA9-E12C-4DEB-84ED-4BA8EBB80CB5}.Debug|Any CPU.Build.0 = Debug|Any CPU
		{89252DA9-E12C-4DEB-84ED-4BA8EBB80CB5}.Release|Any CPU.ActiveCfg = Release|Any CPU
		{89252DA9-E12C-4DEB-84ED-4BA8EBB80CB5}.Release|Any CPU.Build.0 = Release|Any CPU
	EndGlobalSection
	GlobalSection(SolutionProperties) = preSolution
		HideSolutionNode = FALSE
	EndGlobalSection
	GlobalSection(ExtensibilityGlobals) = postSolution
		SolutionGuid = {A64455A4-3E6F-45B4-943A-88D3BBF177EC}
	EndGlobalSection
EndGlobal
